
Microsoft Visual Studio Solution File, Format Version 12.00
# Visual Studio Version 16
VisualStudioVersion = 16.0.30011.22
MinimumVisualStudioVersion = 10.0.40219.1
Project("{FAE04EC0-301F-11D3-BF4B-00C04F79EFBC}") = "ManagerialOperations", "ManagerialOperations\ManagerialOperations.csproj", "{C087FA9A-1B1E-4DED-8972-697E39E8D56C}"
EndProject
Global
	GlobalSection(SolutionConfigurationPlatforms) = preSolution
		Debug|Any CPU = Debug|Any CPU
		Release|Any CPU = Release|Any CPU
	EndGlobalSection
	GlobalSection(ProjectConfigurationPlatforms) = postSolution
		{C087FA9A-1B1E-4DED-8972-697E39E8D56C}.Debug|Any CPU.ActiveCfg = Debug|Any CPU
		{C087FA9A-1B1E-4DED-8972-697E39E8D56C}.Debug|Any CPU.Build.0 = Debug|Any CPU
		{C087FA9A-1B1E-4DED-8972-697E39E8D56C}.Release|Any CPU.ActiveCfg = Release|Any CPU
		{C087FA9A-1B1E-4DED-8972-697E39E8D56C}.Release|Any CPU.Build.0 = Release|Any CPU
	EndGlobalSection
	GlobalSection(SolutionProperties) = preSolution
		HideSolutionNode = FALSE
	EndGlobalSection
	GlobalSection(ExtensibilityGlobals) = postSolution
		SolutionGuid = {4B3562BE-DCD5-4EDC-9A73-A4D27B5349BE}
	EndGlobalSection
EndGlobal
